
Microsoft Visual Studio Solution File, Format Version 12.00
# Visual Studio Version 17
VisualStudioVersion = 17.7.34024.191
MinimumVisualStudioVersion = 10.0.40219.1
Project("{FAE04EC0-301F-11D3-BF4B-00C04F79EFBC}") = "481008-Salma Asma Nadia-ResponsiJuniorProject", "481008-Salma Asma Nadia-ResponsiJuniorProject\481008-Salma Asma Nadia-ResponsiJuniorProject.csproj", "{B1ED1656-00FD-482F-A685-AA6B045EEEF0}"
EndProject
Global
	GlobalSection(SolutionConfigurationPlatforms) = preSolution
		Debug|Any CPU = Debug|Any CPU
		Release|Any CPU = Release|Any CPU
	EndGlobalSection
	GlobalSection(ProjectConfigurationPlatforms) = postSolution
		{B1ED1656-00FD-482F-A685-AA6B045EEEF0}.Debug|Any CPU.ActiveCfg = Debug|Any CPU
		{B1ED1656-00FD-482F-A685-AA6B045EEEF0}.Debug|Any CPU.Build.0 = Debug|Any CPU
		{B1ED1656-00FD-482F-A685-AA6B045EEEF0}.Release|Any CPU.ActiveCfg = Release|Any CPU
		{B1ED1656-00FD-482F-A685-AA6B045EEEF0}.Release|Any CPU.Build.0 = Release|Any CPU
	EndGlobalSection
	GlobalSection(SolutionProperties) = preSolution
		HideSolutionNode = FALSE
	EndGlobalSection
	GlobalSection(ExtensibilityGlobals) = postSolution
		SolutionGuid = {27B53F98-F4BF-4B29-9D64-4F6173A3BE40}
	EndGlobalSection
EndGlobal
